
Microsoft Visual Studio Solution File, Format Version 12.00
# Visual Studio Version 17
VisualStudioVersion = 17.6.33829.357
MinimumVisualStudioVersion = 10.0.40219.1
Project("{9A19103F-16F7-4668-BE54-9A1E7A4F7556}") = "WindLoad_oM", "..\..\WindLoad_oM\WindLoad_oM.csproj", "{D40657DD-4232-4E92-B2F5-79EFE182B9A8}"
EndProject
Project("{9A19103F-16F7-4668-BE54-9A1E7A4F7556}") = "WindLoad_Engine", "..\..\WindLoad_Engine\WindLoad_Engine.csproj", "{C6F1358A-429C-44AA-8E2F-962F2B686BC2}"
EndProject
Project("{9A19103F-16F7-4668-BE54-9A1E7A4F7556}") = "WindLoad_Adapter", "..\..\WindLoad_Adapter\WindLoad_Adapter.csproj", "{F8E0CC4C-1B1B-4C62-8EE4-06F6AE076D6B}"
EndProject
Project("{FAE04EC0-301F-11D3-BF4B-00C04F79EFBC}") = "WindLoad_Adapter_Test", "WindLoad_Adapter_Test\WindLoad_Adapter_Test.csproj", "{1BB5D629-295C-43BD-8AAB-68864CB4009A}"
EndProject
Global
	GlobalSection(SolutionConfigurationPlatforms) = preSolution
		Debug|Any CPU = Debug|Any CPU
		Release|Any CPU = Release|Any CPU
		Test|Any CPU = Test|Any CPU
	EndGlobalSection
	GlobalSection(ProjectConfigurationPlatforms) = postSolution
		{D40657DD-4232-4E92-B2F5-79EFE182B9A8}.Debug|Any CPU.ActiveCfg = Debug|Any CPU
		{D40657DD-4232-4E92-B2F5-79EFE182B9A8}.Debug|Any CPU.Build.0 = Debug|Any CPU
		{D40657DD-4232-4E92-B2F5-79EFE182B9A8}.Release|Any CPU.ActiveCfg = Release|Any CPU
		{D40657DD-4232-4E92-B2F5-79EFE182B9A8}.Release|Any CPU.Build.0 = Release|Any CPU
		{D40657DD-4232-4E92-B2F5-79EFE182B9A8}.Test|Any CPU.ActiveCfg = Test|Any CPU
		{D40657DD-4232-4E92-B2F5-79EFE182B9A8}.Test|Any CPU.Build.0 = Test|Any CPU
		{C6F1358A-429C-44AA-8E2F-962F2B686BC2}.Debug|Any CPU.ActiveCfg = Debug|Any CPU
		{C6F1358A-429C-44AA-8E2F-962F2B686BC2}.Debug|Any CPU.Build.0 = Debug|Any CPU
		{C6F1358A-429C-44AA-8E2F-962F2B686BC2}.Release|Any CPU.ActiveCfg = Release|Any CPU
		{C6F1358A-429C-44AA-8E2F-962F2B686BC2}.Release|Any CPU.Build.0 = Release|Any CPU
		{C6F1358A-429C-44AA-8E2F-962F2B686BC2}.Test|Any CPU.ActiveCfg = Test|Any CPU
		{C6F1358A-429C-44AA-8E2F-962F2B686BC2}.Test|Any CPU.Build.0 = Test|Any CPU
		{F8E0CC4C-1B1B-4C62-8EE4-06F6AE076D6B}.Debug|Any CPU.ActiveCfg = Debug|Any CPU
		{F8E0CC4C-1B1B-4C62-8EE4-06F6AE076D6B}.Debug|Any CPU.Build.0 = Debug|Any CPU
		{F8E0CC4C-1B1B-4C62-8EE4-06F6AE076D6B}.Release|Any CPU.ActiveCfg = Release|Any CPU
		{F8E0CC4C-1B1B-4C62-8EE4-06F6AE076D6B}.Release|Any CPU.Build.0 = Release|Any CPU
		{F8E0CC4C-1B1B-4C62-8EE4-06F6AE076D6B}.Test|Any CPU.ActiveCfg = Test|Any CPU
		{F8E0CC4C-1B1B-4C62-8EE4-06F6AE076D6B}.Test|Any CPU.Build.0 = Test|Any CPU
		{1BB5D629-295C-43BD-8AAB-68864CB4009A}.Debug|Any CPU.ActiveCfg = Debug|Any CPU
		{1BB5D629-295C-43BD-8AAB-68864CB4009A}.Debug|Any CPU.Build.0 = Debug|Any CPU
		{1BB5D629-295C-43BD-8AAB-68864CB4009A}.Release|Any CPU.ActiveCfg = Release|Any CPU
		{1BB5D629-295C-43BD-8AAB-68864CB4009A}.Release|Any CPU.Build.0 = Release|Any CPU
		{1BB5D629-295C-43BD-8AAB-68864CB4009A}.Test|Any CPU.ActiveCfg = Debug|Any CPU
		{1BB5D629-295C-43BD-8AAB-68864CB4009A}.Test|Any CPU.Build.0 = Debug|Any CPU
	EndGlobalSection
	GlobalSection(SolutionProperties) = preSolution
		HideSolutionNode = FALSE
	EndGlobalSection
	GlobalSection(ExtensibilityGlobals) = postSolution
		SolutionGuid = {672BCE65-A6F7-411F-92FA-D9D321A9203B}
	EndGlobalSection
EndGlobal
